// !$*UTF8*$!
{
	archiveVersion = 1;
	classes = {
	};
	objectVersion = 46;
	objects = {

/* Begin PBXBuildFile section */
		C118B3F719B4B2A800005678 /* libkowalski.dylib in Frameworks */ = {isa = PBXBuildFile; fileRef = C1F57A1F19B4A2C3000C6BCF /* libkowalski.dylib */; };
		C118B3F819B4B2BC00005678 /* digger_recorder.c in Sources */ = {isa = PBXBuildFile; fileRef = C1F57A0519B4A282000C6BCF /* digger_recorder.c */; };
		C118B3F919B4B2BC00005678 /* instance.c in Sources */ = {isa = PBXBuildFile; fileRef = C1F57A0619B4A282000C6BCF /* instance.c */; };
		C118B3FB19B4B2BC00005678 /* messagequeue.c in Sources */ = {isa = PBXBuildFile; fileRef = C1F57A0A19B4A282000C6BCF /* messagequeue.c */; };
		C118B3FC19B4B2C000005678 /* tinycthread.c in Sources */ = {isa = PBXBuildFile; fileRef = C1F57A8519B4A475000C6BCF /* tinycthread.c */; };
		C118B40C19B4C9FB00005678 /* level_meter.c in Sources */ = {isa = PBXBuildFile; fileRef = C118B40A19B4C9FB00005678 /* level_meter.c */; };
		C118B40D19B4C9FB00005678 /* level_meter.c in Sources */ = {isa = PBXBuildFile; fileRef = C118B40A19B4C9FB00005678 /* level_meter.c */; };
		C118B40E19B4C9FB00005678 /* level_meter.h in Headers */ = {isa = PBXBuildFile; fileRef = C118B40B19B4C9FB00005678 /* level_meter.h */; };
		C12E1A8719B5B774004532A8 /* analyzer.h in Headers */ = {isa = PBXBuildFile; fileRef = C12E1A8619B5B774004532A8 /* analyzer.h */; };
		C12E1A8D19B5B8CD004532A8 /* mem.h in Headers */ = {isa = PBXBuildFile; fileRef = C12E1A8C19B5B8CD004532A8 /* mem.h */; };
		C1F579E019B4A262000C6BCF /* Foundation.framework in Frameworks */ = {isa = PBXBuildFile; fileRef = C1F579DF19B4A262000C6BCF /* Foundation.framework */; };
		C1F57A1019B4A282000C6BCF /* digger_recorder.c in Sources */ = {isa = PBXBuildFile; fileRef = C1F57A0519B4A282000C6BCF /* digger_recorder.c */; };
		C1F57A1119B4A282000C6BCF /* instance.c in Sources */ = {isa = PBXBuildFile; fileRef = C1F57A0619B4A282000C6BCF /* instance.c */; };
		C1F57A1319B4A282000C6BCF /* messagequeue.c in Sources */ = {isa = PBXBuildFile; fileRef = C1F57A0A19B4A282000C6BCF /* messagequeue.c */; };
		C1F57A2C19B4A2D4000C6BCF /* libkowalski_ios.a in Frameworks */ = {isa = PBXBuildFile; fileRef = C1F57A2319B4A2C3000C6BCF /* libkowalski_ios.a */; };
		C1F57A8619B4A475000C6BCF /* tinycthread.c in Sources */ = {isa = PBXBuildFile; fileRef = C1F57A8519B4A475000C6BCF /* tinycthread.c */; };
/* End PBXBuildFile section */

/* Begin PBXContainerItemProxy section */
		C118B3F519B4B29B00005678 /* PBXContainerItemProxy */ = {
			isa = PBXContainerItemProxy;
			containerPortal = C1F57A1519B4A2C3000C6BCF /* kowalski.xcodeproj */;
			proxyType = 1;
			remoteGlobalIDString = D2AAC045055464E500DB518D;
			remoteInfo = kowalski_portaudio;
		};
		C1F57A1E19B4A2C3000C6BCF /* PBXContainerItemProxy */ = {
			isa = PBXContainerItemProxy;
			containerPortal = C1F57A1519B4A2C3000C6BCF /* kowalski.xcodeproj */;
			proxyType = 2;
			remoteGlobalIDString = D2AAC046055464E500DB518D;
			remoteInfo = kowalski_portaudio;
		};
		C1F57A2019B4A2C3000C6BCF /* PBXContainerItemProxy */ = {
			isa = PBXContainerItemProxy;
			containerPortal = C1F57A1519B4A2C3000C6BCF /* kowalski.xcodeproj */;
			proxyType = 2;
			remoteGlobalIDString = C1B3D57A135B8E880025DD08;
			remoteInfo = kowalski_sdl;
		};
		C1F57A2219B4A2C3000C6BCF /* PBXContainerItemProxy */ = {
			isa = PBXContainerItemProxy;
			containerPortal = C1F57A1519B4A2C3000C6BCF /* kowalski.xcodeproj */;
			proxyType = 2;
			remoteGlobalIDString = C1DD3C2B1370D12B00D10AA6;
			remoteInfo = kowalski_ios;
		};
		C1F57A2419B4A2C3000C6BCF /* PBXContainerItemProxy */ = {
			isa = PBXContainerItemProxy;
			containerPortal = C1F57A1519B4A2C3000C6BCF /* kowalski.xcodeproj */;
			proxyType = 2;
			remoteGlobalIDString = C1760F7B1620D6160044204B;
			remoteInfo = kowalski;
		};
		C1F57A2619B4A2C3000C6BCF /* PBXContainerItemProxy */ = {
			isa = PBXContainerItemProxy;
			containerPortal = C1F57A1519B4A2C3000C6BCF /* kowalski.xcodeproj */;
			proxyType = 2;
			remoteGlobalIDString = C19BB85D1630C1E9000F1BE7;
			remoteInfo = kowalski_test;
		};
		C1F57A2819B4A2C3000C6BCF /* PBXContainerItemProxy */ = {
			isa = PBXContainerItemProxy;
			containerPortal = C1F57A1519B4A2C3000C6BCF /* kowalski.xcodeproj */;
			proxyType = 2;
			remoteGlobalIDString = C145484D1632CAFE00DE1EA6;
			remoteInfo = kowalski_tools;
		};
		C1F57A2A19B4A2CE000C6BCF /* PBXContainerItemProxy */ = {
			isa = PBXContainerItemProxy;
			containerPortal = C1F57A1519B4A2C3000C6BCF /* kowalski.xcodeproj */;
			proxyType = 1;
			remoteGlobalIDString = C1DD3C2A1370D12B00D10AA6;
			remoteInfo = kowalski_ios;
		};
/* End PBXContainerItemProxy section */

/* Begin PBXCopyFilesBuildPhase section */
		C1F579DA19B4A262000C6BCF /* CopyFiles */ = {
			isa = PBXCopyFilesBuildPhase;
			buildActionMask = 2147483647;
			dstPath = "include/$(PRODUCT_NAME)";
			dstSubfolderSpec = 16;
			files = (
			);
			runOnlyForDeploymentPostprocessing = 0;
		};
/* End PBXCopyFilesBuildPhase section */

/* Begin PBXFileReference section */
		C118B3F119B4B28E00005678 /* libdigger_recorder_osx.a */ = {isa = PBXFileReference; explicitFileType = archive.ar; includeInIndex = 0; path = libdigger_recorder_osx.a; sourceTree = BUILT_PRODUCTS_DIR; };
		C118B40A19B4C9FB00005678 /* level_meter.c */ = {isa = PBXFileReference; fileEncoding = 4; lastKnownFileType = sourcecode.c.c; path = level_meter.c; sourceTree = "<group>"; };
		C118B40B19B4C9FB00005678 /* level_meter.h */ = {isa = PBXFileReference; fileEncoding = 4; lastKnownFileType = sourcecode.c.h; path = level_meter.h; sourceTree = "<group>"; };
		C12E1A8619B5B774004532A8 /* analyzer.h */ = {isa = PBXFileReference; fileEncoding = 4; lastKnownFileType = sourcecode.c.h; path = analyzer.h; sourceTree = "<group>"; };
		C12E1A8C19B5B8CD004532A8 /* mem.h */ = {isa = PBXFileReference; fileEncoding = 4; lastKnownFileType = sourcecode.c.h; path = mem.h; sourceTree = "<group>"; };
		C1F579DC19B4A262000C6BCF /* libdigger_recorder_ios.a */ = {isa = PBXFileReference; explicitFileType = archive.ar; includeInIndex = 0; path = libdigger_recorder_ios.a; sourceTree = BUILT_PRODUCTS_DIR; };
		C1F579DF19B4A262000C6BCF /* Foundation.framework */ = {isa = PBXFileReference; lastKnownFileType = wrapper.framework; name = Foundation.framework; path = System/Library/Frameworks/Foundation.framework; sourceTree = SDKROOT; };
		C1F579ED19B4A262000C6BCF /* XCTest.framework */ = {isa = PBXFileReference; lastKnownFileType = wrapper.framework; name = XCTest.framework; path = Library/Frameworks/XCTest.framework; sourceTree = DEVELOPER_DIR; };
		C1F579F019B4A262000C6BCF /* UIKit.framework */ = {isa = PBXFileReference; lastKnownFileType = wrapper.framework; name = UIKit.framework; path = Library/Frameworks/UIKit.framework; sourceTree = DEVELOPER_DIR; };
		C1F57A0519B4A282000C6BCF /* digger_recorder.c */ = {isa = PBXFileReference; fileEncoding = 4; lastKnownFileType = sourcecode.c.c; path = digger_recorder.c; sourceTree = "<group>"; };
		C1F57A0619B4A282000C6BCF /* instance.c */ = {isa = PBXFileReference; fileEncoding = 4; lastKnownFileType = sourcecode.c.c; path = instance.c; sourceTree = "<group>"; };
		C1F57A0719B4A282000C6BCF /* instance.h */ = {isa = PBXFileReference; fileEncoding = 4; lastKnownFileType = sourcecode.c.h; path = instance.h; sourceTree = "<group>"; };
		C1F57A0A19B4A282000C6BCF /* messagequeue.c */ = {isa = PBXFileReference; fileEncoding = 4; lastKnownFileType = sourcecode.c.c; path = messagequeue.c; sourceTree = "<group>"; };
		C1F57A0B19B4A282000C6BCF /* messagequeue.h */ = {isa = PBXFileReference; fileEncoding = 4; lastKnownFileType = sourcecode.c.h; path = messagequeue.h; sourceTree = "<group>"; };
		C1F57A0E19B4A282000C6BCF /* digger_recorder.h */ = {isa = PBXFileReference; fileEncoding = 4; lastKnownFileType = sourcecode.c.h; path = digger_recorder.h; sourceTree = "<group>"; };
		C1F57A1519B4A2C3000C6BCF /* kowalski.xcodeproj */ = {isa = PBXFileReference; lastKnownFileType = "wrapper.pb-project"; name = kowalski.xcodeproj; path = ../../external/kowalski/projects/xcode/kowalski.xcodeproj; sourceTree = "<group>"; };
		C1F57A8519B4A475000C6BCF /* tinycthread.c */ = {isa = PBXFileReference; fileEncoding = 4; lastKnownFileType = sourcecode.c.c; name = tinycthread.c; path = ../../external/tinycthread/source/tinycthread.c; sourceTree = "<group>"; };
		C1F57AD319B4A842000C6BCF /* Cocoa.framework */ = {isa = PBXFileReference; lastKnownFileType = wrapper.framework; name = Cocoa.framework; path = System/Library/Frameworks/Cocoa.framework; sourceTree = SDKROOT; };
		C1F57AD619B4A842000C6BCF /* Foundation.framework */ = {isa = PBXFileReference; lastKnownFileType = wrapper.framework; name = Foundation.framework; path = System/Library/Frameworks/Foundation.framework; sourceTree = SDKROOT; };
		C1F57AD719B4A842000C6BCF /* CoreData.framework */ = {isa = PBXFileReference; lastKnownFileType = wrapper.framework; name = CoreData.framework; path = System/Library/Frameworks/CoreData.framework; sourceTree = SDKROOT; };
		C1F57AD819B4A843000C6BCF /* AppKit.framework */ = {isa = PBXFileReference; lastKnownFileType = wrapper.framework; name = AppKit.framework; path = System/Library/Frameworks/AppKit.framework; sourceTree = SDKROOT; };
/* End PBXFileReference section */

/* Begin PBXFrameworksBuildPhase section */
		C118B3EE19B4B28E00005678 /* Frameworks */ = {
			isa = PBXFrameworksBuildPhase;
			buildActionMask = 2147483647;
			files = (
				C118B3F719B4B2A800005678 /* libkowalski.dylib in Frameworks */,
			);
			runOnlyForDeploymentPostprocessing = 0;
		};
		C1F579D919B4A262000C6BCF /* Frameworks */ = {
			isa = PBXFrameworksBuildPhase;
			buildActionMask = 2147483647;
			files = (
				C1F57A2C19B4A2D4000C6BCF /* libkowalski_ios.a in Frameworks */,
				C1F579E019B4A262000C6BCF /* Foundation.framework in Frameworks */,
			);
			runOnlyForDeploymentPostprocessing = 0;
		};
/* End PBXFrameworksBuildPhase section */

/* Begin PBXGroup section */
		C118B40919B4C9FB00005678 /* analyzers */ = {
			isa = PBXGroup;
			children = (
				C118B40A19B4C9FB00005678 /* level_meter.c */,
				C118B40B19B4C9FB00005678 /* level_meter.h */,
			);
			path = analyzers;
			sourceTree = "<group>";
		};
		C1C7B9EC19B4A1EB00C0ED1D = {
			isa = PBXGroup;
			children = (
				C1F57A1519B4A2C3000C6BCF /* kowalski.xcodeproj */,
				C1F57A1419B4A288000C6BCF /* src */,
				C1F579DE19B4A262000C6BCF /* Frameworks */,
				C1F579DD19B4A262000C6BCF /* Products */,
			);
			sourceTree = "<group>";
		};
		C1F579DD19B4A262000C6BCF /* Products */ = {
			isa = PBXGroup;
			children = (
				C1F579DC19B4A262000C6BCF /* libdigger_recorder_ios.a */,
				C118B3F119B4B28E00005678 /* libdigger_recorder_osx.a */,
			);
			name = Products;
			sourceTree = "<group>";
		};
		C1F579DE19B4A262000C6BCF /* Frameworks */ = {
			isa = PBXGroup;
			children = (
				C1F579DF19B4A262000C6BCF /* Foundation.framework */,
				C1F579ED19B4A262000C6BCF /* XCTest.framework */,
				C1F579F019B4A262000C6BCF /* UIKit.framework */,
				C1F57AD319B4A842000C6BCF /* Cocoa.framework */,
				C1F57AD519B4A842000C6BCF /* Other Frameworks */,
			);
			name = Frameworks;
			sourceTree = "<group>";
		};
		C1F57A0319B4A282000C6BCF /* recorder */ = {
			isa = PBXGroup;
			children = (
				C1F57A0419B4A282000C6BCF /* private */,
				C1F57A0D19B4A282000C6BCF /* public */,
			);
			name = recorder;
			path = ../../src/recorder;
			sourceTree = "<group>";
		};
		C1F57A0419B4A282000C6BCF /* private */ = {
			isa = PBXGroup;
			children = (
				C118B40919B4C9FB00005678 /* analyzers */,
				C12E1A8619B5B774004532A8 /* analyzer.h */,
				C1F57A0519B4A282000C6BCF /* digger_recorder.c */,
				C1F57A0619B4A282000C6BCF /* instance.c */,
				C1F57A0719B4A282000C6BCF /* instance.h */,
				C12E1A8C19B5B8CD004532A8 /* mem.h */,
				C1F57A0A19B4A282000C6BCF /* messagequeue.c */,
				C1F57A0B19B4A282000C6BCF /* messagequeue.h */,
			);
			path = private;
			sourceTree = "<group>";
		};
		C1F57A0D19B4A282000C6BCF /* public */ = {
			isa = PBXGroup;
			children = (
				C1F57A0E19B4A282000C6BCF /* digger_recorder.h */,
			);
			path = public;
			sourceTree = "<group>";
		};
		C1F57A1419B4A288000C6BCF /* src */ = {
			isa = PBXGroup;
			children = (
				C1F57A8419B4A463000C6BCF /* external */,
				C1F57A0319B4A282000C6BCF /* recorder */,
			);
			name = src;
			sourceTree = "<group>";
		};
		C1F57A1619B4A2C3000C6BCF /* Products */ = {
			isa = PBXGroup;
			children = (
				C1F57A1F19B4A2C3000C6BCF /* libkowalski.dylib */,
				C1F57A2119B4A2C3000C6BCF /* kowalski_sdl.dylib */,
				C1F57A2319B4A2C3000C6BCF /* libkowalski_ios.a */,
				C1F57A2519B4A2C3000C6BCF /* kowalski */,
				C1F57A2719B4A2C3000C6BCF /* kowalski_test.octest */,
				C1F57A2919B4A2C3000C6BCF /* libkowalski_tools.a */,
			);
			name = Products;
			sourceTree = "<group>";
		};
		C1F57A8419B4A463000C6BCF /* external */ = {
			isa = PBXGroup;
			children = (
				C1F57A8519B4A475000C6BCF /* tinycthread.c */,
			);
			name = external;
			sourceTree = "<group>";
		};
		C1F57AD519B4A842000C6BCF /* Other Frameworks */ = {
			isa = PBXGroup;
			children = (
				C1F57AD619B4A842000C6BCF /* Foundation.framework */,
				C1F57AD719B4A842000C6BCF /* CoreData.framework */,
				C1F57AD819B4A843000C6BCF /* AppKit.framework */,
			);
			name = "Other Frameworks";
			sourceTree = "<group>";
		};
/* End PBXGroup section */

/* Begin PBXHeadersBuildPhase section */
		C118B3EF19B4B28E00005678 /* Headers */ = {
			isa = PBXHeadersBuildPhase;
			buildActionMask = 2147483647;
			files = (
				C12E1A8D19B5B8CD004532A8 /* mem.h in Headers */,
				C12E1A8719B5B774004532A8 /* analyzer.h in Headers */,
				C118B40E19B4C9FB00005678 /* level_meter.h in Headers */,
			);
			runOnlyForDeploymentPostprocessing = 0;
		};
/* End PBXHeadersBuildPhase section */

/* Begin PBXNativeTarget section */
		C118B3F019B4B28E00005678 /* digger_recorder_osx */ = {
			isa = PBXNativeTarget;
			buildConfigurationList = C118B3F219B4B28E00005678 /* Build configuration list for PBXNativeTarget "digger_recorder_osx" */;
			buildPhases = (
				C118B3ED19B4B28E00005678 /* Sources */,
				C118B3EE19B4B28E00005678 /* Frameworks */,
				C118B3EF19B4B28E00005678 /* Headers */,
			);
			buildRules = (
			);
			dependencies = (
				C118B3F619B4B29B00005678 /* PBXTargetDependency */,
			);
			name = digger_recorder_osx;
			productName = digger_recorder_osx;
			productReference = C118B3F119B4B28E00005678 /* libdigger_recorder_osx.a */;
			productType = "com.apple.product-type.library.static";
		};
		C1F579DB19B4A262000C6BCF /* digger_recorder_ios */ = {
			isa = PBXNativeTarget;
			buildConfigurationList = C1F57A0119B4A262000C6BCF /* Build configuration list for PBXNativeTarget "digger_recorder_ios" */;
			buildPhases = (
				C1F579D819B4A262000C6BCF /* Sources */,
				C1F579D919B4A262000C6BCF /* Frameworks */,
				C1F579DA19B4A262000C6BCF /* CopyFiles */,
			);
			buildRules = (
			);
			dependencies = (
				C1F57A2B19B4A2CE000C6BCF /* PBXTargetDependency */,
			);
			name = digger_recorder_ios;
			productName = digger_recorder_ios;
			productReference = C1F579DC19B4A262000C6BCF /* libdigger_recorder_ios.a */;
			productType = "com.apple.product-type.library.static";
		};
/* End PBXNativeTarget section */

/* Begin PBXProject section */
		C1C7B9ED19B4A1EB00C0ED1D /* Project object */ = {
			isa = PBXProject;
			attributes = {
				LastUpgradeCheck = 0510;
			};
			buildConfigurationList = C1C7B9F019B4A1EB00C0ED1D /* Build configuration list for PBXProject "digger_recorder" */;
			compatibilityVersion = "Xcode 3.2";
			developmentRegion = English;
			hasScannedForEncodings = 0;
			knownRegions = (
				en,
			);
			mainGroup = C1C7B9EC19B4A1EB00C0ED1D;
			productRefGroup = C1F579DD19B4A262000C6BCF /* Products */;
			projectDirPath = "";
			projectReferences = (
				{
					ProductGroup = C1F57A1619B4A2C3000C6BCF /* Products */;
					ProjectRef = C1F57A1519B4A2C3000C6BCF /* kowalski.xcodeproj */;
				},
			);
			projectRoot = "";
			targets = (
				C1F579DB19B4A262000C6BCF /* digger_recorder_ios */,
				C118B3F019B4B28E00005678 /* digger_recorder_osx */,
			);
		};
/* End PBXProject section */

/* Begin PBXReferenceProxy section */
		C1F57A1F19B4A2C3000C6BCF /* libkowalski.dylib */ = {
			isa = PBXReferenceProxy;
			fileType = archive.ar;
			path = libkowalski.dylib;
			remoteRef = C1F57A1E19B4A2C3000C6BCF /* PBXContainerItemProxy */;
			sourceTree = BUILT_PRODUCTS_DIR;
		};
		C1F57A2119B4A2C3000C6BCF /* kowalski_sdl.dylib */ = {
			isa = PBXReferenceProxy;
			fileType = "compiled.mach-o.dylib";
			path = kowalski_sdl.dylib;
			remoteRef = C1F57A2019B4A2C3000C6BCF /* PBXContainerItemProxy */;
			sourceTree = BUILT_PRODUCTS_DIR;
		};
		C1F57A2319B4A2C3000C6BCF /* libkowalski_ios.a */ = {
			isa = PBXReferenceProxy;
			fileType = archive.ar;
			path = libkowalski_ios.a;
			remoteRef = C1F57A2219B4A2C3000C6BCF /* PBXContainerItemProxy */;
			sourceTree = BUILT_PRODUCTS_DIR;
		};
		C1F57A2519B4A2C3000C6BCF /* kowalski */ = {
			isa = PBXReferenceProxy;
			fileType = "compiled.mach-o.executable";
			path = kowalski;
			remoteRef = C1F57A2419B4A2C3000C6BCF /* PBXContainerItemProxy */;
			sourceTree = BUILT_PRODUCTS_DIR;
		};
		C1F57A2719B4A2C3000C6BCF /* kowalski_test.octest */ = {
			isa = PBXReferenceProxy;
			fileType = wrapper.cfbundle;
			path = kowalski_test.octest;
			remoteRef = C1F57A2619B4A2C3000C6BCF /* PBXContainerItemProxy */;
			sourceTree = BUILT_PRODUCTS_DIR;
		};
		C1F57A2919B4A2C3000C6BCF /* libkowalski_tools.a */ = {
			isa = PBXReferenceProxy;
			fileType = archive.ar;
			path = libkowalski_tools.a;
			remoteRef = C1F57A2819B4A2C3000C6BCF /* PBXContainerItemProxy */;
			sourceTree = BUILT_PRODUCTS_DIR;
		};
/* End PBXReferenceProxy section */

/* Begin PBXSourcesBuildPhase section */
		C118B3ED19B4B28E00005678 /* Sources */ = {
			isa = PBXSourcesBuildPhase;
			buildActionMask = 2147483647;
			files = (
				C118B3FB19B4B2BC00005678 /* messagequeue.c in Sources */,
				C118B3F919B4B2BC00005678 /* instance.c in Sources */,
				C118B3FC19B4B2C000005678 /* tinycthread.c in Sources */,
				C118B40D19B4C9FB00005678 /* level_meter.c in Sources */,
				C118B3F819B4B2BC00005678 /* digger_recorder.c in Sources */,
			);
			runOnlyForDeploymentPostprocessing = 0;
		};
		C1F579D819B4A262000C6BCF /* Sources */ = {
			isa = PBXSourcesBuildPhase;
			buildActionMask = 2147483647;
			files = (
				C1F57A1319B4A282000C6BCF /* messagequeue.c in Sources */,
				C1F57A1119B4A282000C6BCF /* instance.c in Sources */,
				C1F57A8619B4A475000C6BCF /* tinycthread.c in Sources */,
				C118B40C19B4C9FB00005678 /* level_meter.c in Sources */,
				C1F57A1019B4A282000C6BCF /* digger_recorder.c in Sources */,
			);
			runOnlyForDeploymentPostprocessing = 0;
		};
/* End PBXSourcesBuildPhase section */

/* Begin PBXTargetDependency section */
		C118B3F619B4B29B00005678 /* PBXTargetDependency */ = {
			isa = PBXTargetDependency;
			name = kowalski_portaudio;
			targetProxy = C118B3F519B4B29B00005678 /* PBXContainerItemProxy */;
		};
		C1F57A2B19B4A2CE000C6BCF /* PBXTargetDependency */ = {
			isa = PBXTargetDependency;
			name = kowalski_ios;
			targetProxy = C1F57A2A19B4A2CE000C6BCF /* PBXContainerItemProxy */;
		};
/* End PBXTargetDependency section */

/* Begin XCBuildConfiguration section */
		C118B3F319B4B28E00005678 /* Debug */ = {
			isa = XCBuildConfiguration;
			buildSettings = {
				ALWAYS_SEARCH_USER_PATHS = NO;
				CLANG_CXX_LANGUAGE_STANDARD = "gnu++0x";
				CLANG_CXX_LIBRARY = "libc++";
				CLANG_ENABLE_MODULES = YES;
				CLANG_ENABLE_OBJC_ARC = YES;
				CLANG_WARN_BOOL_CONVERSION = YES;
				CLANG_WARN_CONSTANT_CONVERSION = YES;
				CLANG_WARN_DIRECT_OBJC_ISA_USAGE = YES_ERROR;
				CLANG_WARN_EMPTY_BODY = YES;
				CLANG_WARN_ENUM_CONVERSION = YES;
				CLANG_WARN_INT_CONVERSION = YES;
				CLANG_WARN_OBJC_ROOT_CLASS = YES_ERROR;
				CLANG_WARN__DUPLICATE_METHOD_MATCH = YES;
				COPY_PHASE_STRIP = NO;
				EXECUTABLE_PREFIX = lib;
				GCC_C_LANGUAGE_STANDARD = gnu99;
				GCC_DYNAMIC_NO_PIC = NO;
				GCC_ENABLE_OBJC_EXCEPTIONS = YES;
				GCC_OPTIMIZATION_LEVEL = 0;
				GCC_PREPROCESSOR_DEFINITIONS = (
					"DEBUG=1",
					"$(inherited)",
				);
				GCC_SYMBOLS_PRIVATE_EXTERN = NO;
				GCC_WARN_64_TO_32_BIT_CONVERSION = YES;
				GCC_WARN_ABOUT_RETURN_TYPE = YES_ERROR;
				GCC_WARN_UNDECLARED_SELECTOR = YES;
				GCC_WARN_UNINITIALIZED_AUTOS = YES_AGGRESSIVE;
				GCC_WARN_UNUSED_FUNCTION = YES;
				GCC_WARN_UNUSED_VARIABLE = YES;
				MACOSX_DEPLOYMENT_TARGET = 10.8;
				ONLY_ACTIVE_ARCH = YES;
				PRODUCT_NAME = "$(TARGET_NAME)";
				SDKROOT = macosx;
			};
			name = Debug;
		};
		C118B3F419B4B28E00005678 /* Release */ = {
			isa = XCBuildConfiguration;
			buildSettings = {
				ALWAYS_SEARCH_USER_PATHS = NO;
				CLANG_CXX_LANGUAGE_STANDARD = "gnu++0x";
				CLANG_CXX_LIBRARY = "libc++";
				CLANG_ENABLE_MODULES = YES;
				CLANG_ENABLE_OBJC_ARC = YES;
				CLANG_WARN_BOOL_CONVERSION = YES;
				CLANG_WARN_CONSTANT_CONVERSION = YES;
				CLANG_WARN_DIRECT_OBJC_ISA_USAGE = YES_ERROR;
				CLANG_WARN_EMPTY_BODY = YES;
				CLANG_WARN_ENUM_CONVERSION = YES;
				CLANG_WARN_INT_CONVERSION = YES;
				CLANG_WARN_OBJC_ROOT_CLASS = YES_ERROR;
				CLANG_WARN__DUPLICATE_METHOD_MATCH = YES;
				COPY_PHASE_STRIP = YES;
				DEBUG_INFORMATION_FORMAT = "dwarf-with-dsym";
				ENABLE_NS_ASSERTIONS = NO;
				EXECUTABLE_PREFIX = lib;
				GCC_C_LANGUAGE_STANDARD = gnu99;
				GCC_ENABLE_OBJC_EXCEPTIONS = YES;
				GCC_WARN_64_TO_32_BIT_CONVERSION = YES;
				GCC_WARN_ABOUT_RETURN_TYPE = YES_ERROR;
				GCC_WARN_UNDECLARED_SELECTOR = YES;
				GCC_WARN_UNINITIALIZED_AUTOS = YES_AGGRESSIVE;
				GCC_WARN_UNUSED_FUNCTION = YES;
				GCC_WARN_UNUSED_VARIABLE = YES;
				MACOSX_DEPLOYMENT_TARGET = 10.8;
				PRODUCT_NAME = "$(TARGET_NAME)";
				SDKROOT = macosx;
			};
			name = Release;
		};
		C1C7B9F119B4A1EB00C0ED1D /* Debug */ = {
			isa = XCBuildConfiguration;
			buildSettings = {
				USER_HEADER_SEARCH_PATHS = "../../external/kowalski/src/engine ../../external/tinycthread/source";
			};
			name = Debug;
		};
		C1C7B9F219B4A1EB00C0ED1D /* Release */ = {
			isa = XCBuildConfiguration;
			buildSettings = {
				USER_HEADER_SEARCH_PATHS = "../../external/kowalski/src/engine ../../external/tinycthread/source";
			};
			name = Release;
		};
		C1F579FD19B4A262000C6BCF /* Debug */ = {
			isa = XCBuildConfiguration;
			buildSettings = {
				ALWAYS_SEARCH_USER_PATHS = NO;
				CLANG_CXX_LANGUAGE_STANDARD = "gnu++0x";
				CLANG_CXX_LIBRARY = "libc++";
				CLANG_ENABLE_MODULES = YES;
				CLANG_ENABLE_OBJC_ARC = NO;
				CLANG_WARN_BOOL_CONVERSION = YES;
				CLANG_WARN_CONSTANT_CONVERSION = YES;
				CLANG_WARN_DIRECT_OBJC_ISA_USAGE = YES_ERROR;
				CLANG_WARN_EMPTY_BODY = YES;
				CLANG_WARN_ENUM_CONVERSION = YES;
				CLANG_WARN_INT_CONVERSION = YES;
				CLANG_WARN_OBJC_ROOT_CLASS = YES_ERROR;
				CLANG_WARN__DUPLICATE_METHOD_MATCH = YES;
				COPY_PHASE_STRIP = NO;
				DSTROOT = /tmp/digger_recorder_ios.dst;
				GCC_C_LANGUAGE_STANDARD = gnu99;
				GCC_DYNAMIC_NO_PIC = NO;
				GCC_OPTIMIZATION_LEVEL = 0;
				GCC_PRECOMPILE_PREFIX_HEADER = NO;
				GCC_PREFIX_HEADER = "";
				GCC_PREPROCESSOR_DEFINITIONS = (
					"DEBUG=1",
					"$(inherited)",
				);
				GCC_SYMBOLS_PRIVATE_EXTERN = NO;
				GCC_WARN_64_TO_32_BIT_CONVERSION = YES;
				GCC_WARN_ABOUT_RETURN_TYPE = YES_ERROR;
				GCC_WARN_UNDECLARED_SELECTOR = YES;
				GCC_WARN_UNINITIALIZED_AUTOS = YES_AGGRESSIVE;
				GCC_WARN_UNUSED_FUNCTION = YES;
				GCC_WARN_UNUSED_VARIABLE = YES;
				IPHONEOS_DEPLOYMENT_TARGET = 7.1;
				ONLY_ACTIVE_ARCH = YES;
				OTHER_LDFLAGS = "-ObjC";
				PRODUCT_NAME = "$(TARGET_NAME)";
				SDKROOT = iphoneos;
				SKIP_INSTALL = YES;
			};
			name = Debug;
		};
		C1F579FE19B4A262000C6BCF /* Release */ = {
			isa = XCBuildConfiguration;
			buildSettings = {
				ALWAYS_SEARCH_USER_PATHS = NO;
				CLANG_CXX_LANGUAGE_STANDARD = "gnu++0x";
				CLANG_CXX_LIBRARY = "libc++";
				CLANG_ENABLE_MODULES = YES;
				CLANG_ENABLE_OBJC_ARC = NO;
				CLANG_WARN_BOOL_CONVERSION = YES;
				CLANG_WARN_CONSTANT_CONVERSION = YES;
				CLANG_WARN_DIRECT_OBJC_ISA_USAGE = YES_ERROR;
				CLANG_WARN_EMPTY_BODY = YES;
				CLANG_WARN_ENUM_CONVERSION = YES;
				CLANG_WARN_INT_CONVERSION = YES;
				CLANG_WARN_OBJC_ROOT_CLASS = YES_ERROR;
				CLANG_WARN__DUPLICATE_METHOD_MATCH = YES;
				COPY_PHASE_STRIP = YES;
				DSTROOT = /tmp/digger_recorder_ios.dst;
				ENABLE_NS_ASSERTIONS = NO;
				GCC_C_LANGUAGE_STANDARD = gnu99;
				GCC_PRECOMPILE_PREFIX_HEADER = NO;
				GCC_PREFIX_HEADER = "";
				GCC_WARN_64_TO_32_BIT_CONVERSION = YES;
				GCC_WARN_ABOUT_RETURN_TYPE = YES_ERROR;
				GCC_WARN_UNDECLARED_SELECTOR = YES;
				GCC_WARN_UNINITIALIZED_AUTOS = YES_AGGRESSIVE;
				GCC_WARN_UNUSED_FUNCTION = YES;
				GCC_WARN_UNUSED_VARIABLE = YES;
				IPHONEOS_DEPLOYMENT_TARGET = 7.1;
				OTHER_LDFLAGS = "-ObjC";
				PRODUCT_NAME = "$(TARGET_NAME)";
				SDKROOT = iphoneos;
				SKIP_INSTALL = YES;
				VALIDATE_PRODUCT = YES;
			};
			name = Release;
		};
/* End XCBuildConfiguration section */

/* Begin XCConfigurationList section */
		C118B3F219B4B28E00005678 /* Build configuration list for PBXNativeTarget "digger_recorder_osx" */ = {
			isa = XCConfigurationList;
			buildConfigurations = (
				C118B3F319B4B28E00005678 /* Debug */,
				C118B3F419B4B28E00005678 /* Release */,
			);
			defaultConfigurationIsVisible = 0;
			defaultConfigurationName = Release;
		};
		C1C7B9F019B4A1EB00C0ED1D /* Build configuration list for PBXProject "digger_recorder" */ = {
			isa = XCConfigurationList;
			buildConfigurations = (
				C1C7B9F119B4A1EB00C0ED1D /* Debug */,
				C1C7B9F219B4A1EB00C0ED1D /* Release */,
			);
			defaultConfigurationIsVisible = 0;
			defaultConfigurationName = Release;
		};
		C1F57A0119B4A262000C6BCF /* Build configuration list for PBXNativeTarget "digger_recorder_ios" */ = {
			isa = XCConfigurationList;
			buildConfigurations = (
				C1F579FD19B4A262000C6BCF /* Debug */,
				C1F579FE19B4A262000C6BCF /* Release */,
			);
			defaultConfigurationIsVisible = 0;
			defaultConfigurationName = Release;
		};
/* End XCConfigurationList section */
	};
	rootObject = C1C7B9ED19B4A1EB00C0ED1D /* Project object */;
}
