// !$*UTF8*$!
{
	archiveVersion = 1;
	classes = {
	};
	objectVersion = 46;
	objects = {

/* Begin PBXBuildFile section */
		C118B3EC19B4B18D00005678 /* libdigger_recorder_osx.a in Frameworks */ = {isa = PBXBuildFile; fileRef = C1F57B0019B4A88A000C6BCF /* libdigger_recorder_osx.a */; };
		C118B40119B4B5D400005678 /* LevelMeterView.m in Sources */ = {isa = PBXBuildFile; fileRef = C118B40019B4B5D400005678 /* LevelMeterView.m */; };
		C12E1F5B19B63410004532A8 /* DevInfoView.m in Sources */ = {isa = PBXBuildFile; fileRef = C12E1F5A19B63410004532A8 /* DevInfoView.m */; };
		C12E1F7E19B709D7004532A8 /* BufferLevelView.m in Sources */ = {isa = PBXBuildFile; fileRef = C12E1F7D19B709D7004532A8 /* BufferLevelView.m */; };
		C1E5476E19BDCF1F00797DFB /* libportaudio_osx.a in Frameworks */ = {isa = PBXBuildFile; fileRef = C1E5476D19BDCF1F00797DFB /* libportaudio_osx.a */; };
		C1F57A3519B4A36D000C6BCF /* Foundation.framework in Frameworks */ = {isa = PBXBuildFile; fileRef = C1F57A3419B4A36D000C6BCF /* Foundation.framework */; };
		C1F57A3719B4A36D000C6BCF /* CoreGraphics.framework in Frameworks */ = {isa = PBXBuildFile; fileRef = C1F57A3619B4A36D000C6BCF /* CoreGraphics.framework */; };
		C1F57A3919B4A36D000C6BCF /* UIKit.framework in Frameworks */ = {isa = PBXBuildFile; fileRef = C1F57A3819B4A36D000C6BCF /* UIKit.framework */; };
		C1F57A6C19B4A38A000C6BCF /* AppDelegate.m in Sources */ = {isa = PBXBuildFile; fileRef = C1F57A6419B4A38A000C6BCF /* AppDelegate.m */; };
		C1F57A6E19B4A38A000C6BCF /* main.m in Sources */ = {isa = PBXBuildFile; fileRef = C1F57A6719B4A38A000C6BCF /* main.m */; };
		C1F57A6F19B4A38A000C6BCF /* SandboxView.m in Sources */ = {isa = PBXBuildFile; fileRef = C1F57A6919B4A38A000C6BCF /* SandboxView.m */; };
		C1F57A7019B4A38A000C6BCF /* SandboxViewController.m in Sources */ = {isa = PBXBuildFile; fileRef = C1F57A6B19B4A38A000C6BCF /* SandboxViewController.m */; };
		C1F57A7F19B4A41C000C6BCF /* libdigger_recorder_ios.a in Frameworks */ = {isa = PBXBuildFile; fileRef = C1F57A7719B4A40C000C6BCF /* libdigger_recorder_ios.a */; };
		C1F57A8119B4A424000C6BCF /* CoreAudio.framework in Frameworks */ = {isa = PBXBuildFile; fileRef = C1F57A8019B4A424000C6BCF /* CoreAudio.framework */; };
		C1F57A8319B4A42B000C6BCF /* AudioToolbox.framework in Frameworks */ = {isa = PBXBuildFile; fileRef = C1F57A8219B4A42B000C6BCF /* AudioToolbox.framework */; };
		C1F57A9119B4A757000C6BCF /* Cocoa.framework in Frameworks */ = {isa = PBXBuildFile; fileRef = C1F57A9019B4A757000C6BCF /* Cocoa.framework */; };
		C1F57AC919B4A7D3000C6BCF /* AppDelegate.m in Sources */ = {isa = PBXBuildFile; fileRef = C1F57AC319B4A7D3000C6BCF /* AppDelegate.m */; };
		C1F57ACA19B4A7D3000C6BCF /* Credits.rtf in Resources */ = {isa = PBXBuildFile; fileRef = C1F57AC419B4A7D3000C6BCF /* Credits.rtf */; };
		C1F57ACB19B4A7D3000C6BCF /* main.m in Sources */ = {isa = PBXBuildFile; fileRef = C1F57AC519B4A7D3000C6BCF /* main.m */; };
		C1F57ACC19B4A7D3000C6BCF /* MainMenu.xib in Resources */ = {isa = PBXBuildFile; fileRef = C1F57AC619B4A7D3000C6BCF /* MainMenu.xib */; };
		C1F57ACD19B4A7D3000C6BCF /* sandbox_osx-Info.plist in Resources */ = {isa = PBXBuildFile; fileRef = C1F57AC719B4A7D3000C6BCF /* sandbox_osx-Info.plist */; };
		C1F57B0619B4A993000C6BCF /* CoreAudio.framework in Frameworks */ = {isa = PBXBuildFile; fileRef = C1F57B0519B4A993000C6BCF /* CoreAudio.framework */; };
		C1F57B0819B4A9A4000C6BCF /* AudioUnit.framework in Frameworks */ = {isa = PBXBuildFile; fileRef = C1F57B0719B4A9A4000C6BCF /* AudioUnit.framework */; };
		C1F57B0A19B4A9B8000C6BCF /* AudioToolbox.framework in Frameworks */ = {isa = PBXBuildFile; fileRef = C1F57B0919B4A9B8000C6BCF /* AudioToolbox.framework */; };
/* End PBXBuildFile section */

/* Begin PBXContainerItemProxy section */
		C12E1F8019B709D7004532A8 /* PBXContainerItemProxy */ = {
			isa = PBXContainerItemProxy;
			containerPortal = C1F57A7119B4A40C000C6BCF /* digger_recorder.xcodeproj */;
			proxyType = 2;
			remoteGlobalIDString = C12E1F6819B6FE8B004532A8;
			remoteInfo = unittests_osx;
		};
		C1F57A7619B4A40C000C6BCF /* PBXContainerItemProxy */ = {
			isa = PBXContainerItemProxy;
			containerPortal = C1F57A7119B4A40C000C6BCF /* digger_recorder.xcodeproj */;
			proxyType = 2;
			remoteGlobalIDString = C1F579DC19B4A262000C6BCF;
			remoteInfo = digger_recorder_ios;
		};
		C1F57A7D19B4A415000C6BCF /* PBXContainerItemProxy */ = {
			isa = PBXContainerItemProxy;
			containerPortal = C1F57A7119B4A40C000C6BCF /* digger_recorder.xcodeproj */;
			proxyType = 1;
			remoteGlobalIDString = C1F579DB19B4A262000C6BCF;
			remoteInfo = digger_recorder_ios;
		};
		C1F57AFC19B4A88A000C6BCF /* PBXContainerItemProxy */ = {
			isa = PBXContainerItemProxy;
			containerPortal = C1F57A7119B4A40C000C6BCF /* digger_recorder.xcodeproj */;
			proxyType = 1;
			remoteGlobalIDString = C118B3F019B4B28E00005678;
			remoteInfo = digger_recorder_osx;
		};
		C1F57AFF19B4A88A000C6BCF /* PBXContainerItemProxy */ = {
			isa = PBXContainerItemProxy;
			containerPortal = C1F57A7119B4A40C000C6BCF /* digger_recorder.xcodeproj */;
			proxyType = 2;
			remoteGlobalIDString = C1F57AD219B4A842000C6BCF;
			remoteInfo = digger_recorder_osx;
		};
/* End PBXContainerItemProxy section */

/* Begin PBXFileReference section */
		C118B3FD19B4B2DC00005678 /* libkowalski.dylib */ = {isa = PBXFileReference; lastKnownFileType = "compiled.mach-o.dylib"; name = libkowalski.dylib; path = "../../../../Library/Developer/Xcode/DerivedData/sandbox-fhfsgipjxfyknhcabryyxbpksmut/Build/Products/Debug/libkowalski.dylib"; sourceTree = "<group>"; };
		C118B3FF19B4B5D400005678 /* LevelMeterView.h */ = {isa = PBXFileReference; fileEncoding = 4; lastKnownFileType = sourcecode.c.h; path = LevelMeterView.h; sourceTree = "<group>"; };
		C118B40019B4B5D400005678 /* LevelMeterView.m */ = {isa = PBXFileReference; fileEncoding = 4; lastKnownFileType = sourcecode.c.objc; path = LevelMeterView.m; sourceTree = "<group>"; };
		C12E1A8E19B5D9A8004532A8 /* sandbox_ios-Info.plist */ = {isa = PBXFileReference; lastKnownFileType = text.plist.xml; path = "sandbox_ios-Info.plist"; sourceTree = "<group>"; };
		C12E1A8F19B5D9A8004532A8 /* sandbox_ios-Prefix.pch */ = {isa = PBXFileReference; lastKnownFileType = sourcecode.c.h; path = "sandbox_ios-Prefix.pch"; sourceTree = "<group>"; };
		C12E1F0219B61523004532A8 /* libkowalski_ios.a */ = {isa = PBXFileReference; lastKnownFileType = archive.ar; name = libkowalski_ios.a; path = "../../external/kowalski/projects/xcode/build/Debug-iphoneos/libkowalski_ios.a"; sourceTree = "<group>"; };
		C12E1F5919B63410004532A8 /* DevInfoView.h */ = {isa = PBXFileReference; fileEncoding = 4; lastKnownFileType = sourcecode.c.h; path = DevInfoView.h; sourceTree = "<group>"; };
		C12E1F5A19B63410004532A8 /* DevInfoView.m */ = {isa = PBXFileReference; fileEncoding = 4; lastKnownFileType = sourcecode.c.objc; path = DevInfoView.m; sourceTree = "<group>"; };
		C12E1F7C19B709D7004532A8 /* BufferLevelView.h */ = {isa = PBXFileReference; fileEncoding = 4; lastKnownFileType = sourcecode.c.h; path = BufferLevelView.h; sourceTree = "<group>"; };
		C12E1F7D19B709D7004532A8 /* BufferLevelView.m */ = {isa = PBXFileReference; fileEncoding = 4; lastKnownFileType = sourcecode.c.objc; path = BufferLevelView.m; sourceTree = "<group>"; };
		C1E5476D19BDCF1F00797DFB /* libportaudio_osx.a */ = {isa = PBXFileReference; lastKnownFileType = archive.ar; name = libportaudio_osx.a; path = ../../lib/libportaudio_osx.a; sourceTree = "<group>"; };
		C1F57A3119B4A36D000C6BCF /* sandbox_ios.app */ = {isa = PBXFileReference; explicitFileType = wrapper.application; includeInIndex = 0; path = sandbox_ios.app; sourceTree = BUILT_PRODUCTS_DIR; };
		C1F57A3419B4A36D000C6BCF /* Foundation.framework */ = {isa = PBXFileReference; lastKnownFileType = wrapper.framework; name = Foundation.framework; path = System/Library/Frameworks/Foundation.framework; sourceTree = SDKROOT; };
		C1F57A3619B4A36D000C6BCF /* CoreGraphics.framework */ = {isa = PBXFileReference; lastKnownFileType = wrapper.framework; name = CoreGraphics.framework; path = System/Library/Frameworks/CoreGraphics.framework; sourceTree = SDKROOT; };
		C1F57A3819B4A36D000C6BCF /* UIKit.framework */ = {isa = PBXFileReference; lastKnownFileType = wrapper.framework; name = UIKit.framework; path = Library/Frameworks/UIKit.framework; sourceTree = DEVELOPER_DIR; };
		C1F57A4D19B4A36E000C6BCF /* XCTest.framework */ = {isa = PBXFileReference; lastKnownFileType = wrapper.framework; name = XCTest.framework; path = Library/Frameworks/XCTest.framework; sourceTree = DEVELOPER_DIR; };
		C1F57A6319B4A38A000C6BCF /* AppDelegate.h */ = {isa = PBXFileReference; fileEncoding = 4; lastKnownFileType = sourcecode.c.h; path = AppDelegate.h; sourceTree = "<group>"; };
		C1F57A6419B4A38A000C6BCF /* AppDelegate.m */ = {isa = PBXFileReference; fileEncoding = 4; lastKnownFileType = sourcecode.c.objc; path = AppDelegate.m; sourceTree = "<group>"; };
		C1F57A6719B4A38A000C6BCF /* main.m */ = {isa = PBXFileReference; fileEncoding = 4; lastKnownFileType = sourcecode.c.objc; path = main.m; sourceTree = "<group>"; };
		C1F57A6819B4A38A000C6BCF /* SandboxView.h */ = {isa = PBXFileReference; fileEncoding = 4; lastKnownFileType = sourcecode.c.h; path = SandboxView.h; sourceTree = "<group>"; };
		C1F57A6919B4A38A000C6BCF /* SandboxView.m */ = {isa = PBXFileReference; fileEncoding = 4; lastKnownFileType = sourcecode.c.objc; path = SandboxView.m; sourceTree = "<group>"; };
		C1F57A6A19B4A38A000C6BCF /* SandboxViewController.h */ = {isa = PBXFileReference; fileEncoding = 4; lastKnownFileType = sourcecode.c.h; path = SandboxViewController.h; sourceTree = "<group>"; };
		C1F57A6B19B4A38A000C6BCF /* SandboxViewController.m */ = {isa = PBXFileReference; fileEncoding = 4; lastKnownFileType = sourcecode.c.objc; path = SandboxViewController.m; sourceTree = "<group>"; };
		C1F57A7119B4A40C000C6BCF /* digger_recorder.xcodeproj */ = {isa = PBXFileReference; lastKnownFileType = "wrapper.pb-project"; path = digger_recorder.xcodeproj; sourceTree = "<group>"; };
		C1F57A8019B4A424000C6BCF /* CoreAudio.framework */ = {isa = PBXFileReference; lastKnownFileType = wrapper.framework; name = CoreAudio.framework; path = Platforms/iPhoneOS.platform/Developer/SDKs/iPhoneOS7.1.sdk/System/Library/Frameworks/CoreAudio.framework; sourceTree = DEVELOPER_DIR; };
		C1F57A8219B4A42B000C6BCF /* AudioToolbox.framework */ = {isa = PBXFileReference; lastKnownFileType = wrapper.framework; name = AudioToolbox.framework; path = Platforms/iPhoneOS.platform/Developer/SDKs/iPhoneOS7.1.sdk/System/Library/Frameworks/AudioToolbox.framework; sourceTree = DEVELOPER_DIR; };
		C1F57A8F19B4A757000C6BCF /* sandbox_osx.app */ = {isa = PBXFileReference; explicitFileType = wrapper.application; includeInIndex = 0; path = sandbox_osx.app; sourceTree = BUILT_PRODUCTS_DIR; };
		C1F57A9019B4A757000C6BCF /* Cocoa.framework */ = {isa = PBXFileReference; lastKnownFileType = wrapper.framework; name = Cocoa.framework; path = System/Library/Frameworks/Cocoa.framework; sourceTree = SDKROOT; };
		C1F57A9319B4A757000C6BCF /* AppKit.framework */ = {isa = PBXFileReference; lastKnownFileType = wrapper.framework; name = AppKit.framework; path = System/Library/Frameworks/AppKit.framework; sourceTree = SDKROOT; };
		C1F57A9419B4A757000C6BCF /* CoreData.framework */ = {isa = PBXFileReference; lastKnownFileType = wrapper.framework; name = CoreData.framework; path = System/Library/Frameworks/CoreData.framework; sourceTree = SDKROOT; };
		C1F57A9519B4A757000C6BCF /* Foundation.framework */ = {isa = PBXFileReference; lastKnownFileType = wrapper.framework; name = Foundation.framework; path = System/Library/Frameworks/Foundation.framework; sourceTree = SDKROOT; };
		C1F57AC219B4A7D3000C6BCF /* AppDelegate.h */ = {isa = PBXFileReference; fileEncoding = 4; lastKnownFileType = sourcecode.c.h; path = AppDelegate.h; sourceTree = "<group>"; };
		C1F57AC319B4A7D3000C6BCF /* AppDelegate.m */ = {isa = PBXFileReference; fileEncoding = 4; lastKnownFileType = sourcecode.c.objc; path = AppDelegate.m; sourceTree = "<group>"; };
		C1F57AC419B4A7D3000C6BCF /* Credits.rtf */ = {isa = PBXFileReference; fileEncoding = 4; lastKnownFileType = text.rtf; path = Credits.rtf; sourceTree = "<group>"; };
		C1F57AC519B4A7D3000C6BCF /* main.m */ = {isa = PBXFileReference; fileEncoding = 4; lastKnownFileType = sourcecode.c.objc; path = main.m; sourceTree = "<group>"; };
		C1F57AC619B4A7D3000C6BCF /* MainMenu.xib */ = {isa = PBXFileReference; fileEncoding = 4; lastKnownFileType = file.xib; path = MainMenu.xib; sourceTree = "<group>"; };
		C1F57AC719B4A7D3000C6BCF /* sandbox_osx-Info.plist */ = {isa = PBXFileReference; fileEncoding = 4; lastKnownFileType = text.plist.xml; path = "sandbox_osx-Info.plist"; sourceTree = "<group>"; };
		C1F57AC819B4A7D3000C6BCF /* sandbox_osx-Prefix.pch */ = {isa = PBXFileReference; fileEncoding = 4; lastKnownFileType = sourcecode.c.h; path = "sandbox_osx-Prefix.pch"; sourceTree = "<group>"; };
		C1F57B0519B4A993000C6BCF /* CoreAudio.framework */ = {isa = PBXFileReference; lastKnownFileType = wrapper.framework; name = CoreAudio.framework; path = System/Library/Frameworks/CoreAudio.framework; sourceTree = SDKROOT; };
		C1F57B0719B4A9A4000C6BCF /* AudioUnit.framework */ = {isa = PBXFileReference; lastKnownFileType = wrapper.framework; name = AudioUnit.framework; path = System/Library/Frameworks/AudioUnit.framework; sourceTree = SDKROOT; };
		C1F57B0919B4A9B8000C6BCF /* AudioToolbox.framework */ = {isa = PBXFileReference; lastKnownFileType = wrapper.framework; name = AudioToolbox.framework; path = System/Library/Frameworks/AudioToolbox.framework; sourceTree = SDKROOT; };
		C1F57B0B19B4AA22000C6BCF /* CoreAudioKit.framework */ = {isa = PBXFileReference; lastKnownFileType = wrapper.framework; name = CoreAudioKit.framework; path = System/Library/Frameworks/CoreAudioKit.framework; sourceTree = SDKROOT; };
/* End PBXFileReference section */

/* Begin PBXFrameworksBuildPhase section */
		C1F57A2E19B4A36D000C6BCF /* Frameworks */ = {
			isa = PBXFrameworksBuildPhase;
			buildActionMask = 2147483647;
			files = (
				C1F57A8319B4A42B000C6BCF /* AudioToolbox.framework in Frameworks */,
				C1F57A8119B4A424000C6BCF /* CoreAudio.framework in Frameworks */,
				C1F57A7F19B4A41C000C6BCF /* libdigger_recorder_ios.a in Frameworks */,
				C1F57A3719B4A36D000C6BCF /* CoreGraphics.framework in Frameworks */,
				C1F57A3919B4A36D000C6BCF /* UIKit.framework in Frameworks */,
				C1F57A3519B4A36D000C6BCF /* Foundation.framework in Frameworks */,
			);
			runOnlyForDeploymentPostprocessing = 0;
		};
		C1F57A8C19B4A757000C6BCF /* Frameworks */ = {
			isa = PBXFrameworksBuildPhase;
			buildActionMask = 2147483647;
			files = (
				C1E5476E19BDCF1F00797DFB /* libportaudio_osx.a in Frameworks */,
				C118B3EC19B4B18D00005678 /* libdigger_recorder_osx.a in Frameworks */,
				C1F57A9119B4A757000C6BCF /* Cocoa.framework in Frameworks */,
				C1F57B0A19B4A9B8000C6BCF /* AudioToolbox.framework in Frameworks */,
				C1F57B0819B4A9A4000C6BCF /* AudioUnit.framework in Frameworks */,
				C1F57B0619B4A993000C6BCF /* CoreAudio.framework in Frameworks */,
			);
			runOnlyForDeploymentPostprocessing = 0;
		};
/* End PBXFrameworksBuildPhase section */

/* Begin PBXGroup section */
		C1F579D119B4A22F000C6BCF = {
			isa = PBXGroup;
			children = (
				C1F57A7119B4A40C000C6BCF /* digger_recorder.xcodeproj */,
				C1F57A6119B4A37F000C6BCF /* src */,
				C1F57A3319B4A36D000C6BCF /* Frameworks */,
				C1F57A3219B4A36D000C6BCF /* Products */,
			);
			sourceTree = "<group>";
		};
		C1F57A3219B4A36D000C6BCF /* Products */ = {
			isa = PBXGroup;
			children = (
				C1F57A3119B4A36D000C6BCF /* sandbox_ios.app */,
				C1F57A8F19B4A757000C6BCF /* sandbox_osx.app */,
			);
			name = Products;
			sourceTree = "<group>";
		};
		C1F57A3319B4A36D000C6BCF /* Frameworks */ = {
			isa = PBXGroup;
			children = (
				C1E5476D19BDCF1F00797DFB /* libportaudio_osx.a */,
				C12E1F0219B61523004532A8 /* libkowalski_ios.a */,
				C118B3FD19B4B2DC00005678 /* libkowalski.dylib */,
				C1F57B0B19B4AA22000C6BCF /* CoreAudioKit.framework */,
				C1F57B0919B4A9B8000C6BCF /* AudioToolbox.framework */,
				C1F57B0719B4A9A4000C6BCF /* AudioUnit.framework */,
				C1F57B0519B4A993000C6BCF /* CoreAudio.framework */,
				C1F57A8219B4A42B000C6BCF /* AudioToolbox.framework */,
				C1F57A8019B4A424000C6BCF /* CoreAudio.framework */,
				C1F57A3419B4A36D000C6BCF /* Foundation.framework */,
				C1F57A3619B4A36D000C6BCF /* CoreGraphics.framework */,
				C1F57A3819B4A36D000C6BCF /* UIKit.framework */,
				C1F57A4D19B4A36E000C6BCF /* XCTest.framework */,
				C1F57A9019B4A757000C6BCF /* Cocoa.framework */,
				C1F57A9219B4A757000C6BCF /* Other Frameworks */,
			);
			name = Frameworks;
			sourceTree = "<group>";
		};
		C1F57A6119B4A37F000C6BCF /* src */ = {
			isa = PBXGroup;
			children = (
				C1F57A6219B4A38A000C6BCF /* sandbox_ios */,
				C1F57AC119B4A7D3000C6BCF /* sandbox_osx */,
			);
			name = src;
			sourceTree = "<group>";
		};
		C1F57A6219B4A38A000C6BCF /* sandbox_ios */ = {
			isa = PBXGroup;
			children = (
				C1F57A6319B4A38A000C6BCF /* AppDelegate.h */,
				C1F57A6419B4A38A000C6BCF /* AppDelegate.m */,
				C12E1F7C19B709D7004532A8 /* BufferLevelView.h */,
				C12E1F7D19B709D7004532A8 /* BufferLevelView.m */,
				C12E1F5919B63410004532A8 /* DevInfoView.h */,
				C12E1F5A19B63410004532A8 /* DevInfoView.m */,
				C118B3FF19B4B5D400005678 /* LevelMeterView.h */,
				C118B40019B4B5D400005678 /* LevelMeterView.m */,
				C1F57A6719B4A38A000C6BCF /* main.m */,
				C12E1A8E19B5D9A8004532A8 /* sandbox_ios-Info.plist */,
				C12E1A8F19B5D9A8004532A8 /* sandbox_ios-Prefix.pch */,
				C1F57A6819B4A38A000C6BCF /* SandboxView.h */,
				C1F57A6919B4A38A000C6BCF /* SandboxView.m */,
				C1F57A6A19B4A38A000C6BCF /* SandboxViewController.h */,
				C1F57A6B19B4A38A000C6BCF /* SandboxViewController.m */,
			);
			name = sandbox_ios;
			path = ../../src/sandbox_ios;
			sourceTree = "<group>";
		};
		C1F57A7219B4A40C000C6BCF /* Products */ = {
			isa = PBXGroup;
			children = (
				C1F57A7719B4A40C000C6BCF /* libdigger_recorder_ios.a */,
				C1F57B0019B4A88A000C6BCF /* libdigger_recorder_osx.a */,
				C12E1F8119B709D7004532A8 /* unittests_osx */,
			);
			name = Products;
			sourceTree = "<group>";
		};
		C1F57A9219B4A757000C6BCF /* Other Frameworks */ = {
			isa = PBXGroup;
			children = (
				C1F57A9319B4A757000C6BCF /* AppKit.framework */,
				C1F57A9419B4A757000C6BCF /* CoreData.framework */,
				C1F57A9519B4A757000C6BCF /* Foundation.framework */,
			);
			name = "Other Frameworks";
			sourceTree = "<group>";
		};
		C1F57AC119B4A7D3000C6BCF /* sandbox_osx */ = {
			isa = PBXGroup;
			children = (
				C1F57AC219B4A7D3000C6BCF /* AppDelegate.h */,
				C1F57AC319B4A7D3000C6BCF /* AppDelegate.m */,
				C1F57AC419B4A7D3000C6BCF /* Credits.rtf */,
				C1F57AC519B4A7D3000C6BCF /* main.m */,
				C1F57AC619B4A7D3000C6BCF /* MainMenu.xib */,
				C1F57AC719B4A7D3000C6BCF /* sandbox_osx-Info.plist */,
				C1F57AC819B4A7D3000C6BCF /* sandbox_osx-Prefix.pch */,
			);
			name = sandbox_osx;
			path = ../../src/sandbox_osx;
			sourceTree = "<group>";
		};
/* End PBXGroup section */

/* Begin PBXNativeTarget section */
		C1F57A3019B4A36D000C6BCF /* sandbox_ios */ = {
			isa = PBXNativeTarget;
			buildConfigurationList = C1F57A5F19B4A36E000C6BCF /* Build configuration list for PBXNativeTarget "sandbox_ios" */;
			buildPhases = (
				C1F57A2D19B4A36D000C6BCF /* Sources */,
				C1F57A2E19B4A36D000C6BCF /* Frameworks */,
				C1F57A2F19B4A36D000C6BCF /* Resources */,
			);
			buildRules = (
			);
			dependencies = (
				C1F57A7E19B4A415000C6BCF /* PBXTargetDependency */,
			);
			name = sandbox_ios;
			productName = sandbox_ios;
			productReference = C1F57A3119B4A36D000C6BCF /* sandbox_ios.app */;
			productType = "com.apple.product-type.application";
		};
		C1F57A8E19B4A757000C6BCF /* sandbox_osx */ = {
			isa = PBXNativeTarget;
			buildConfigurationList = C1F57ABB19B4A758000C6BCF /* Build configuration list for PBXNativeTarget "sandbox_osx" */;
			buildPhases = (
				C1F57A8B19B4A757000C6BCF /* Sources */,
				C1F57A8C19B4A757000C6BCF /* Frameworks */,
				C1F57A8D19B4A757000C6BCF /* Resources */,
			);
			buildRules = (
			);
			dependencies = (
				C1F57AFD19B4A88A000C6BCF /* PBXTargetDependency */,
			);
			name = sandbox_osx;
			productName = sandbox_osx;
			productReference = C1F57A8F19B4A757000C6BCF /* sandbox_osx.app */;
			productType = "com.apple.product-type.application";
		};
/* End PBXNativeTarget section */

/* Begin PBXProject section */
		C1F579D219B4A22F000C6BCF /* Project object */ = {
			isa = PBXProject;
			attributes = {
				LastUpgradeCheck = 0510;
				TargetAttributes = {
					C1F57A3019B4A36D000C6BCF = {
						DevelopmentTeam = 6P9QK3REV9;
					};
				};
			};
			buildConfigurationList = C1F579D519B4A22F000C6BCF /* Build configuration list for PBXProject "sandbox" */;
			compatibilityVersion = "Xcode 3.2";
			developmentRegion = English;
			hasScannedForEncodings = 0;
			knownRegions = (
				en,
				Base,
			);
			mainGroup = C1F579D119B4A22F000C6BCF;
			productRefGroup = C1F57A3219B4A36D000C6BCF /* Products */;
			projectDirPath = "";
			projectReferences = (
				{
					ProductGroup = C1F57A7219B4A40C000C6BCF /* Products */;
					ProjectRef = C1F57A7119B4A40C000C6BCF /* digger_recorder.xcodeproj */;
				},
			);
			projectRoot = "";
			targets = (
				C1F57A3019B4A36D000C6BCF /* sandbox_ios */,
				C1F57A8E19B4A757000C6BCF /* sandbox_osx */,
			);
		};
/* End PBXProject section */

/* Begin PBXReferenceProxy section */
		C12E1F8119B709D7004532A8 /* unittests_osx */ = {
			isa = PBXReferenceProxy;
			fileType = "compiled.mach-o.executable";
			path = unittests_osx;
			remoteRef = C12E1F8019B709D7004532A8 /* PBXContainerItemProxy */;
			sourceTree = BUILT_PRODUCTS_DIR;
		};
		C1F57A7719B4A40C000C6BCF /* libdigger_recorder_ios.a */ = {
			isa = PBXReferenceProxy;
			fileType = archive.ar;
			path = libdigger_recorder_ios.a;
			remoteRef = C1F57A7619B4A40C000C6BCF /* PBXContainerItemProxy */;
			sourceTree = BUILT_PRODUCTS_DIR;
		};
		C1F57B0019B4A88A000C6BCF /* libdigger_recorder_osx.a */ = {
			isa = PBXReferenceProxy;
			fileType = archive.ar;
			path = libdigger_recorder_osx.a;
			remoteRef = C1F57AFF19B4A88A000C6BCF /* PBXContainerItemProxy */;
			sourceTree = BUILT_PRODUCTS_DIR;
		};
/* End PBXReferenceProxy section */

/* Begin PBXResourcesBuildPhase section */
		C1F57A2F19B4A36D000C6BCF /* Resources */ = {
			isa = PBXResourcesBuildPhase;
			buildActionMask = 2147483647;
			files = (
			);
			runOnlyForDeploymentPostprocessing = 0;
		};
		C1F57A8D19B4A757000C6BCF /* Resources */ = {
			isa = PBXResourcesBuildPhase;
			buildActionMask = 2147483647;
			files = (
				C1F57ACD19B4A7D3000C6BCF /* sandbox_osx-Info.plist in Resources */,
				C1F57ACA19B4A7D3000C6BCF /* Credits.rtf in Resources */,
				C1F57ACC19B4A7D3000C6BCF /* MainMenu.xib in Resources */,
			);
			runOnlyForDeploymentPostprocessing = 0;
		};
/* End PBXResourcesBuildPhase section */

/* Begin PBXSourcesBuildPhase section */
		C1F57A2D19B4A36D000C6BCF /* Sources */ = {
			isa = PBXSourcesBuildPhase;
			buildActionMask = 2147483647;
			files = (
				C1F57A6F19B4A38A000C6BCF /* SandboxView.m in Sources */,
				C1F57A6E19B4A38A000C6BCF /* main.m in Sources */,
				C12E1F7E19B709D7004532A8 /* BufferLevelView.m in Sources */,
				C118B40119B4B5D400005678 /* LevelMeterView.m in Sources */,
				C1F57A7019B4A38A000C6BCF /* SandboxViewController.m in Sources */,
				C1F57A6C19B4A38A000C6BCF /* AppDelegate.m in Sources */,
				C12E1F5B19B63410004532A8 /* DevInfoView.m in Sources */,
			);
			runOnlyForDeploymentPostprocessing = 0;
		};
		C1F57A8B19B4A757000C6BCF /* Sources */ = {
			isa = PBXSourcesBuildPhase;
			buildActionMask = 2147483647;
			files = (
				C1F57ACB19B4A7D3000C6BCF /* main.m in Sources */,
				C1F57AC919B4A7D3000C6BCF /* AppDelegate.m in Sources */,
			);
			runOnlyForDeploymentPostprocessing = 0;
		};
/* End PBXSourcesBuildPhase section */

/* Begin PBXTargetDependency section */
		C1F57A7E19B4A415000C6BCF /* PBXTargetDependency */ = {
			isa = PBXTargetDependency;
			name = digger_recorder_ios;
			targetProxy = C1F57A7D19B4A415000C6BCF /* PBXContainerItemProxy */;
		};
		C1F57AFD19B4A88A000C6BCF /* PBXTargetDependency */ = {
			isa = PBXTargetDependency;
			name = digger_recorder_osx;
			targetProxy = C1F57AFC19B4A88A000C6BCF /* PBXContainerItemProxy */;
		};
/* End PBXTargetDependency section */

/* Begin XCBuildConfiguration section */
		C1F579D619B4A22F000C6BCF /* Debug */ = {
			isa = XCBuildConfiguration;
			buildSettings = {
				USER_HEADER_SEARCH_PATHS = ../../src/recorder/public;
			};
			name = Debug;
		};
		C1F579D719B4A22F000C6BCF /* Release */ = {
			isa = XCBuildConfiguration;
			buildSettings = {
				USER_HEADER_SEARCH_PATHS = ../../src/recorder/public;
			};
			name = Release;
		};
		C1F57A5B19B4A36E000C6BCF /* Debug */ = {
			isa = XCBuildConfiguration;
			buildSettings = {
				ALWAYS_SEARCH_USER_PATHS = NO;
				ASSETCATALOG_COMPILER_APPICON_NAME = AppIcon;
				ASSETCATALOG_COMPILER_LAUNCHIMAGE_NAME = LaunchImage;
				CLANG_CXX_LANGUAGE_STANDARD = "gnu++0x";
				CLANG_CXX_LIBRARY = "libc++";
				CLANG_ENABLE_MODULES = YES;
				CLANG_ENABLE_OBJC_ARC = YES;
				CLANG_WARN_BOOL_CONVERSION = YES;
				CLANG_WARN_CONSTANT_CONVERSION = YES;
				CLANG_WARN_DIRECT_OBJC_ISA_USAGE = YES_ERROR;
				CLANG_WARN_EMPTY_BODY = YES;
				CLANG_WARN_ENUM_CONVERSION = YES;
				CLANG_WARN_INT_CONVERSION = YES;
				CLANG_WARN_OBJC_ROOT_CLASS = YES_ERROR;
				CLANG_WARN__DUPLICATE_METHOD_MATCH = YES;
				"CODE_SIGN_IDENTITY[sdk=iphoneos*]" = "";
				COPY_PHASE_STRIP = NO;
				DEVELOPMENT_TEAM = 6P9QK3REV9;
				FRAMEWORK_SEARCH_PATHS = (
					"$(inherited)",
					"$(DEVELOPER_FRAMEWORKS_DIR)",
				);
				GCC_C_LANGUAGE_STANDARD = gnu99;
				GCC_DYNAMIC_NO_PIC = NO;
				GCC_OPTIMIZATION_LEVEL = 0;
				GCC_PRECOMPILE_PREFIX_HEADER = YES;
				GCC_PREFIX_HEADER = "../../src/sandbox_ios/sandbox_ios-Prefix.pch";
				GCC_PREPROCESSOR_DEFINITIONS = (
					"DEBUG=1",
					"$(inherited)",
				);
				GCC_SYMBOLS_PRIVATE_EXTERN = NO;
				GCC_WARN_64_TO_32_BIT_CONVERSION = YES;
				GCC_WARN_ABOUT_RETURN_TYPE = YES_ERROR;
				GCC_WARN_UNDECLARED_SELECTOR = YES;
				GCC_WARN_UNINITIALIZED_AUTOS = YES_AGGRESSIVE;
				GCC_WARN_UNUSED_FUNCTION = YES;
				GCC_WARN_UNUSED_VARIABLE = YES;
				INFOPLIST_FILE = "../../src/sandbox_ios/sandbox_ios-Info.plist";
				IPHONEOS_DEPLOYMENT_TARGET = 6.0;
				LIBRARY_SEARCH_PATHS = (
					"$(inherited)",
					"$(USER_LIBRARY_DIR)/Developer/Xcode/DerivedData/sandbox-fhfsgipjxfyknhcabryyxbpksmut/Build/Products/Debug",
					"/Users/perarne/code/digger_recorder/external/kowalski/projects/xcode/build/Debug-iphoneos",
				);
				ONLY_ACTIVE_ARCH = YES;
				PRODUCT_NAME = "$(TARGET_NAME)";
				SDKROOT = iphoneos;
				TARGETED_DEVICE_FAMILY = "1,2";
				WRAPPER_EXTENSION = app;
			};
			name = Debug;
		};
		C1F57A5C19B4A36E000C6BCF /* Release */ = {
			isa = XCBuildConfiguration;
			buildSettings = {
				ALWAYS_SEARCH_USER_PATHS = NO;
				ASSETCATALOG_COMPILER_APPICON_NAME = AppIcon;
				ASSETCATALOG_COMPILER_LAUNCHIMAGE_NAME = LaunchImage;
				CLANG_CXX_LANGUAGE_STANDARD = "gnu++0x";
				CLANG_CXX_LIBRARY = "libc++";
				CLANG_ENABLE_MODULES = YES;
				CLANG_ENABLE_OBJC_ARC = YES;
				CLANG_WARN_BOOL_CONVERSION = YES;
				CLANG_WARN_CONSTANT_CONVERSION = YES;
				CLANG_WARN_DIRECT_OBJC_ISA_USAGE = YES_ERROR;
				CLANG_WARN_EMPTY_BODY = YES;
				CLANG_WARN_ENUM_CONVERSION = YES;
				CLANG_WARN_INT_CONVERSION = YES;
				CLANG_WARN_OBJC_ROOT_CLASS = YES_ERROR;
				CLANG_WARN__DUPLICATE_METHOD_MATCH = YES;
				"CODE_SIGN_IDENTITY[sdk=iphoneos*]" = "iPhone Developer";
				COPY_PHASE_STRIP = YES;
				DEVELOPMENT_TEAM = 6P9QK3REV9;
				ENABLE_NS_ASSERTIONS = NO;
				FRAMEWORK_SEARCH_PATHS = (
					"$(inherited)",
					"$(DEVELOPER_FRAMEWORKS_DIR)",
				);
				GCC_C_LANGUAGE_STANDARD = gnu99;
				GCC_PRECOMPILE_PREFIX_HEADER = YES;
				GCC_PREFIX_HEADER = "../../src/sandbox_ios/sandbox_ios-Prefix.pch";
				GCC_WARN_64_TO_32_BIT_CONVERSION = YES;
				GCC_WARN_ABOUT_RETURN_TYPE = YES_ERROR;
				GCC_WARN_UNDECLARED_SELECTOR = YES;
				GCC_WARN_UNINITIALIZED_AUTOS = YES_AGGRESSIVE;
				GCC_WARN_UNUSED_FUNCTION = YES;
				GCC_WARN_UNUSED_VARIABLE = YES;
				INFOPLIST_FILE = "../../src/sandbox_ios/sandbox_ios-Info.plist";
				IPHONEOS_DEPLOYMENT_TARGET = 6.0;
				LIBRARY_SEARCH_PATHS = (
					"$(inherited)",
					"$(USER_LIBRARY_DIR)/Developer/Xcode/DerivedData/sandbox-fhfsgipjxfyknhcabryyxbpksmut/Build/Products/Debug",
					"/Users/perarne/code/digger_recorder/external/kowalski/projects/xcode/build/Debug-iphoneos",
				);
				PRODUCT_NAME = "$(TARGET_NAME)";
				SDKROOT = iphoneos;
				TARGETED_DEVICE_FAMILY = "1,2";
				VALIDATE_PRODUCT = YES;
				WRAPPER_EXTENSION = app;
			};
			name = Release;
		};
		C1F57ABC19B4A758000C6BCF /* Debug */ = {
			isa = XCBuildConfiguration;
			buildSettings = {
				ALWAYS_SEARCH_USER_PATHS = NO;
				ARCHS = "$(ARCHS_STANDARD_32_64_BIT)";
				ASSETCATALOG_COMPILER_APPICON_NAME = AppIcon;
				CLANG_CXX_LANGUAGE_STANDARD = "gnu++0x";
				CLANG_CXX_LIBRARY = "libc++";
				CLANG_ENABLE_MODULES = YES;
				CLANG_ENABLE_OBJC_ARC = YES;
				CLANG_WARN_BOOL_CONVERSION = YES;
				CLANG_WARN_CONSTANT_CONVERSION = YES;
				CLANG_WARN_DIRECT_OBJC_ISA_USAGE = YES_ERROR;
				CLANG_WARN_EMPTY_BODY = YES;
				CLANG_WARN_ENUM_CONVERSION = YES;
				CLANG_WARN_INT_CONVERSION = YES;
				CLANG_WARN_OBJC_ROOT_CLASS = YES_ERROR;
				CLANG_WARN__DUPLICATE_METHOD_MATCH = YES;
				COMBINE_HIDPI_IMAGES = YES;
				COPY_PHASE_STRIP = NO;
				GCC_C_LANGUAGE_STANDARD = gnu99;
				GCC_DYNAMIC_NO_PIC = NO;
				GCC_ENABLE_OBJC_EXCEPTIONS = YES;
				GCC_OPTIMIZATION_LEVEL = 0;
				GCC_PRECOMPILE_PREFIX_HEADER = YES;
				GCC_PREFIX_HEADER = "../../src/sandbox_osx/sandbox_osx-Prefix.pch";
				GCC_PREPROCESSOR_DEFINITIONS = (
					"DEBUG=1",
					"$(inherited)",
				);
				GCC_SYMBOLS_PRIVATE_EXTERN = NO;
				GCC_WARN_64_TO_32_BIT_CONVERSION = YES;
				GCC_WARN_ABOUT_RETURN_TYPE = YES_ERROR;
				GCC_WARN_UNDECLARED_SELECTOR = YES;
				GCC_WARN_UNINITIALIZED_AUTOS = YES_AGGRESSIVE;
				GCC_WARN_UNUSED_FUNCTION = YES;
				GCC_WARN_UNUSED_VARIABLE = YES;
				INFOPLIST_FILE = "../../src/sandbox_osx/sandbox_osx-Info.plist";
				LIBRARY_SEARCH_PATHS = (
					"$(inherited)",
					"$(USER_LIBRARY_DIR)/Developer/Xcode/DerivedData/sandbox-fhfsgipjxfyknhcabryyxbpksmut/Build/Products/Debug",
					../../lib,
				);
				MACOSX_DEPLOYMENT_TARGET = 10.8;
				ONLY_ACTIVE_ARCH = YES;
				OTHER_LDFLAGS = "";
				PRODUCT_NAME = "$(TARGET_NAME)";
				SDKROOT = macosx;
				VALID_ARCHS = "x86_64 i386";
				WRAPPER_EXTENSION = app;
			};
			name = Debug;
		};
		C1F57ABD19B4A758000C6BCF /* Release */ = {
			isa = XCBuildConfiguration;
			buildSettings = {
				ALWAYS_SEARCH_USER_PATHS = NO;
				ARCHS = "$(ARCHS_STANDARD_32_64_BIT)";
				ASSETCATALOG_COMPILER_APPICON_NAME = AppIcon;
				CLANG_CXX_LANGUAGE_STANDARD = "gnu++0x";
				CLANG_CXX_LIBRARY = "libc++";
				CLANG_ENABLE_MODULES = YES;
				CLANG_ENABLE_OBJC_ARC = YES;
				CLANG_WARN_BOOL_CONVERSION = YES;
				CLANG_WARN_CONSTANT_CONVERSION = YES;
				CLANG_WARN_DIRECT_OBJC_ISA_USAGE = YES_ERROR;
				CLANG_WARN_EMPTY_BODY = YES;
				CLANG_WARN_ENUM_CONVERSION = YES;
				CLANG_WARN_INT_CONVERSION = YES;
				CLANG_WARN_OBJC_ROOT_CLASS = YES_ERROR;
				CLANG_WARN__DUPLICATE_METHOD_MATCH = YES;
				COMBINE_HIDPI_IMAGES = YES;
				COPY_PHASE_STRIP = YES;
				DEBUG_INFORMATION_FORMAT = "dwarf-with-dsym";
				ENABLE_NS_ASSERTIONS = NO;
				GCC_C_LANGUAGE_STANDARD = gnu99;
				GCC_ENABLE_OBJC_EXCEPTIONS = YES;
				GCC_PRECOMPILE_PREFIX_HEADER = YES;
				GCC_PREFIX_HEADER = "../../src/sandbox_osx/sandbox_osx-Prefix.pch";
				GCC_WARN_64_TO_32_BIT_CONVERSION = YES;
				GCC_WARN_ABOUT_RETURN_TYPE = YES_ERROR;
				GCC_WARN_UNDECLARED_SELECTOR = YES;
				GCC_WARN_UNINITIALIZED_AUTOS = YES_AGGRESSIVE;
				GCC_WARN_UNUSED_FUNCTION = YES;
				GCC_WARN_UNUSED_VARIABLE = YES;
				INFOPLIST_FILE = "../../src/sandbox_osx/sandbox_osx-Info.plist";
				LIBRARY_SEARCH_PATHS = (
					"$(inherited)",
					"$(USER_LIBRARY_DIR)/Developer/Xcode/DerivedData/sandbox-fhfsgipjxfyknhcabryyxbpksmut/Build/Products/Debug",
					../../lib,
				);
				MACOSX_DEPLOYMENT_TARGET = 10.8;
				OTHER_LDFLAGS = "";
				PRODUCT_NAME = "$(TARGET_NAME)";
				SDKROOT = macosx;
				VALID_ARCHS = "x86_64 i386";
				WRAPPER_EXTENSION = app;
			};
			name = Release;
		};
/* End XCBuildConfiguration section */

/* Begin XCConfigurationList section */
		C1F579D519B4A22F000C6BCF /* Build configuration list for PBXProject "sandbox" */ = {
			isa = XCConfigurationList;
			buildConfigurations = (
				C1F579D619B4A22F000C6BCF /* Debug */,
				C1F579D719B4A22F000C6BCF /* Release */,
			);
			defaultConfigurationIsVisible = 0;
			defaultConfigurationName = Release;
		};
		C1F57A5F19B4A36E000C6BCF /* Build configuration list for PBXNativeTarget "sandbox_ios" */ = {
			isa = XCConfigurationList;
			buildConfigurations = (
				C1F57A5B19B4A36E000C6BCF /* Debug */,
				C1F57A5C19B4A36E000C6BCF /* Release */,
			);
			defaultConfigurationIsVisible = 0;
			defaultConfigurationName = Release;
		};
		C1F57ABB19B4A758000C6BCF /* Build configuration list for PBXNativeTarget "sandbox_osx" */ = {
			isa = XCConfigurationList;
			buildConfigurations = (
				C1F57ABC19B4A758000C6BCF /* Debug */,
				C1F57ABD19B4A758000C6BCF /* Release */,
			);
			defaultConfigurationIsVisible = 0;
			defaultConfigurationName = Release;
		};
/* End XCConfigurationList section */
	};
	rootObject = C1F579D219B4A22F000C6BCF /* Project object */;
}
